
Microsoft Visual Studio Solution File, Format Version 12.00
# Visual Studio Version 16
VisualStudioVersion = 16.0.35325.158
MinimumVisualStudioVersion = 10.0.40219.1
Project("{FAE04EC0-301F-11D3-BF4B-00C04F79EFBC}") = "projekt", "projekt\projekt.csproj", "{543D441F-CF4A-4B46-AF83-AC1EEB69F71F}"
EndProject
Global
	GlobalSection(SolutionConfigurationPlatforms) = preSolution
		Debug|Any CPU = Debug|Any CPU
		Release|Any CPU = Release|Any CPU
	EndGlobalSection
	GlobalSection(ProjectConfigurationPlatforms) = postSolution
		{543D441F-CF4A-4B46-AF83-AC1EEB69F71F}.Debug|Any CPU.ActiveCfg = Debug|Any CPU
		{543D441F-CF4A-4B46-AF83-AC1EEB69F71F}.Debug|Any CPU.Build.0 = Debug|Any CPU
		{543D441F-CF4A-4B46-AF83-AC1EEB69F71F}.Release|Any CPU.ActiveCfg = Release|Any CPU
		{543D441F-CF4A-4B46-AF83-AC1EEB69F71F}.Release|Any CPU.Build.0 = Release|Any CPU
	EndGlobalSection
	GlobalSection(SolutionProperties) = preSolution
		HideSolutionNode = FALSE
	EndGlobalSection
	GlobalSection(ExtensibilityGlobals) = postSolution
		SolutionGuid = {5C2A6D4E-281D-4CE4-BD83-2E721EC394C4}
	EndGlobalSection
EndGlobal
